
Microsoft Visual Studio Solution File, Format Version 11.00
# Visual Studio 2010
Project("{FAE04EC0-301F-11D3-BF4B-00C04F79EFBC}") = "Steag.Data", "..\Steag.Data\Steag.Data.csproj", "{70DF53BA-F2A9-4954-9222-8F23533333D6}"
EndProject
Project("{2150E333-8FDC-42A3-9474-1A3956D46DE8}") = "002.Data", "002.Data", "{3F3554A9-26EA-4109-BBFC-9B9F3EA105AF}"
EndProject
Project("{2150E333-8FDC-42A3-9474-1A3956D46DE8}") = "009.Test", "009.Test", "{91AC2A4B-E6F9-40FB-8499-B4E946CFEA0E}"
EndProject
Project("{FAE04EC0-301F-11D3-BF4B-00C04F79EFBC}") = "Test.Steag.Data", "..\Unit.Tests\Test.Steag.Data\Test.Steag.Data.csproj", "{28676976-C18D-432E-A760-A8AC24746E31}"
EndProject
Project("{2150E333-8FDC-42A3-9474-1A3956D46DE8}") = "001.Framework", "001.Framework", "{EEEACE62-ACBB-40B9-B128-7078B8B91365}"
EndProject
Project("{FAE04EC0-301F-11D3-BF4B-00C04F79EFBC}") = "Steag.Framework", "..\Steag.Framework\Steag.Framework.csproj", "{DF840BA3-ADC7-4C80-940F-A3C9D09A372F}"
EndProject
Project("{2150E333-8FDC-42A3-9474-1A3956D46DE8}") = "009.01", "009.01", "{69A24E89-E084-43D3-AF44-628EB6E01685}"
EndProject
Project("{FAE04EC0-301F-11D3-BF4B-00C04F79EFBC}") = "Test.Steag.Framework", "..\Unit.Tests\Test.Steag.Framework\Test.Steag.Framework.csproj", "{22818020-8544-42B1-9C3E-3535C25C05F5}"
EndProject
Project("{2150E333-8FDC-42A3-9474-1A3956D46DE8}") = "009.02", "009.02", "{78191BB7-470E-426B-BAD8-F51EAFE0A806}"
EndProject
Global
	GlobalSection(SolutionConfigurationPlatforms) = preSolution
		Debug|Any CPU = Debug|Any CPU
		Release|Any CPU = Release|Any CPU
	EndGlobalSection
	GlobalSection(ProjectConfigurationPlatforms) = postSolution
		{70DF53BA-F2A9-4954-9222-8F23533333D6}.Debug|Any CPU.ActiveCfg = Debug|Any CPU
		{70DF53BA-F2A9-4954-9222-8F23533333D6}.Debug|Any CPU.Build.0 = Debug|Any CPU
		{70DF53BA-F2A9-4954-9222-8F23533333D6}.Release|Any CPU.ActiveCfg = Release|Any CPU
		{70DF53BA-F2A9-4954-9222-8F23533333D6}.Release|Any CPU.Build.0 = Release|Any CPU
		{28676976-C18D-432E-A760-A8AC24746E31}.Debug|Any CPU.ActiveCfg = Debug|Any CPU
		{28676976-C18D-432E-A760-A8AC24746E31}.Debug|Any CPU.Build.0 = Debug|Any CPU
		{28676976-C18D-432E-A760-A8AC24746E31}.Release|Any CPU.ActiveCfg = Release|Any CPU
		{28676976-C18D-432E-A760-A8AC24746E31}.Release|Any CPU.Build.0 = Release|Any CPU
		{DF840BA3-ADC7-4C80-940F-A3C9D09A372F}.Debug|Any CPU.ActiveCfg = Debug|Any CPU
		{DF840BA3-ADC7-4C80-940F-A3C9D09A372F}.Debug|Any CPU.Build.0 = Debug|Any CPU
		{DF840BA3-ADC7-4C80-940F-A3C9D09A372F}.Release|Any CPU.ActiveCfg = Release|Any CPU
		{DF840BA3-ADC7-4C80-940F-A3C9D09A372F}.Release|Any CPU.Build.0 = Release|Any CPU
		{22818020-8544-42B1-9C3E-3535C25C05F5}.Debug|Any CPU.ActiveCfg = Debug|Any CPU
		{22818020-8544-42B1-9C3E-3535C25C05F5}.Debug|Any CPU.Build.0 = Debug|Any CPU
		{22818020-8544-42B1-9C3E-3535C25C05F5}.Release|Any CPU.ActiveCfg = Release|Any CPU
		{22818020-8544-42B1-9C3E-3535C25C05F5}.Release|Any CPU.Build.0 = Release|Any CPU
	EndGlobalSection
	GlobalSection(SolutionProperties) = preSolution
		HideSolutionNode = FALSE
	EndGlobalSection
	GlobalSection(NestedProjects) = preSolution
		{70DF53BA-F2A9-4954-9222-8F23533333D6} = {3F3554A9-26EA-4109-BBFC-9B9F3EA105AF}
		{69A24E89-E084-43D3-AF44-628EB6E01685} = {91AC2A4B-E6F9-40FB-8499-B4E946CFEA0E}
		{78191BB7-470E-426B-BAD8-F51EAFE0A806} = {91AC2A4B-E6F9-40FB-8499-B4E946CFEA0E}
		{DF840BA3-ADC7-4C80-940F-A3C9D09A372F} = {EEEACE62-ACBB-40B9-B128-7078B8B91365}
		{22818020-8544-42B1-9C3E-3535C25C05F5} = {69A24E89-E084-43D3-AF44-628EB6E01685}
		{28676976-C18D-432E-A760-A8AC24746E31} = {78191BB7-470E-426B-BAD8-F51EAFE0A806}
	EndGlobalSection
EndGlobal
