
Microsoft Visual Studio Solution File, Format Version 11.00
# Visual Studio 2010
Project("{2150E333-8FDC-42A3-9474-1A3956D46DE8}") = "001.Framework", "001.Framework", "{3AFBB9E7-AABD-47DD-9C1E-FE63F92CFC59}"
EndProject
Project("{FAE04EC0-301F-11D3-BF4B-00C04F79EFBC}") = "Steag.Framework", "..\Steag.Framework\Steag.Framework.csproj", "{DF840BA3-ADC7-4C80-940F-A3C9D09A372F}"
EndProject
Project("{2150E333-8FDC-42A3-9474-1A3956D46DE8}") = "002.Data", "002.Data", "{9F3A597D-BF87-4E8F-952D-82877F28829F}"
EndProject
Project("{FAE04EC0-301F-11D3-BF4B-00C04F79EFBC}") = "Steag.Data", "..\Steag.Data\Steag.Data.csproj", "{70DF53BA-F2A9-4954-9222-8F23533333D6}"
EndProject
Project("{2150E333-8FDC-42A3-9474-1A3956D46DE8}") = "003.Business", "003.Business", "{282FC6E0-340C-409E-83FC-623C3F1CC65C}"
EndProject
Project("{2150E333-8FDC-42A3-9474-1A3956D46DE8}") = "009.Test", "009.Test", "{BB9AC7E0-1E99-47F6-82BF-B0C2C0A97F9A}"
EndProject
Project("{2150E333-8FDC-42A3-9474-1A3956D46DE8}") = "009.01.Framework", "009.01.Framework", "{CFA3D724-6874-4185-830E-83C91CB38BDF}"
EndProject
Project("{FAE04EC0-301F-11D3-BF4B-00C04F79EFBC}") = "Test.Steag.Framework", "..\Unit.Tests\Test.Steag.Framework\Test.Steag.Framework.csproj", "{22818020-8544-42B1-9C3E-3535C25C05F5}"
EndProject
Project("{2150E333-8FDC-42A3-9474-1A3956D46DE8}") = "009.02.Data", "009.02.Data", "{EC7DE407-E2E1-46DB-9DC2-266AD0267F60}"
EndProject
Project("{FAE04EC0-301F-11D3-BF4B-00C04F79EFBC}") = "Test.Steag.Data", "..\Unit.Tests\Test.Steag.Data\Test.Steag.Data.csproj", "{28676976-C18D-432E-A760-A8AC24746E31}"
EndProject
Project("{FAE04EC0-301F-11D3-BF4B-00C04F79EFBC}") = "Steag.Business", "..\Steag.Business\Steag.Business.csproj", "{2DDAEC45-9EE1-4FBD-80A5-C5ABADC21C18}"
EndProject
Project("{2150E333-8FDC-42A3-9474-1A3956D46DE8}") = "009.03.Business", "009.03.Business", "{10C72261-8A84-48DC-A146-07B83DC8634D}"
EndProject
Project("{FAE04EC0-301F-11D3-BF4B-00C04F79EFBC}") = "Test.Steag.Business", "..\Unit.Tests\Test.Steag.Business\Test.Steag.Business.csproj", "{560BF3E1-F9D8-4F10-9009-55BE65344FAC}"
EndProject
Project("{2150E333-8FDC-42A3-9474-1A3956D46DE8}") = "004.Web.Base", "004.Web.Base", "{318446B7-8F56-4DAC-9F64-BFD38BBD865E}"
EndProject
Project("{FAE04EC0-301F-11D3-BF4B-00C04F79EFBC}") = "Steag.Web.Base", "..\Steag.Web.Base\Steag.Web.Base.csproj", "{F1C465CE-0695-48D1-B8DC-709DF4113C4C}"
EndProject
Project("{2150E333-8FDC-42A3-9474-1A3956D46DE8}") = "009.04.Web.Base", "009.04.Web.Base", "{7E76B029-A478-4668-A98D-5A5CB849E777}"
EndProject
Project("{FAE04EC0-301F-11D3-BF4B-00C04F79EFBC}") = "Test.Steag.Web.Base", "..\Unit.Tests\Test.Steag.Web.Base\Test.Steag.Web.Base.csproj", "{489A59DD-5722-4393-A625-657B524905E9}"
EndProject
Global
	GlobalSection(SolutionConfigurationPlatforms) = preSolution
		Debug|Any CPU = Debug|Any CPU
		Release|Any CPU = Release|Any CPU
	EndGlobalSection
	GlobalSection(ProjectConfigurationPlatforms) = postSolution
		{DF840BA3-ADC7-4C80-940F-A3C9D09A372F}.Debug|Any CPU.ActiveCfg = Debug|Any CPU
		{DF840BA3-ADC7-4C80-940F-A3C9D09A372F}.Debug|Any CPU.Build.0 = Debug|Any CPU
		{DF840BA3-ADC7-4C80-940F-A3C9D09A372F}.Release|Any CPU.ActiveCfg = Release|Any CPU
		{DF840BA3-ADC7-4C80-940F-A3C9D09A372F}.Release|Any CPU.Build.0 = Release|Any CPU
		{70DF53BA-F2A9-4954-9222-8F23533333D6}.Debug|Any CPU.ActiveCfg = Debug|Any CPU
		{70DF53BA-F2A9-4954-9222-8F23533333D6}.Debug|Any CPU.Build.0 = Debug|Any CPU
		{70DF53BA-F2A9-4954-9222-8F23533333D6}.Release|Any CPU.ActiveCfg = Release|Any CPU
		{70DF53BA-F2A9-4954-9222-8F23533333D6}.Release|Any CPU.Build.0 = Release|Any CPU
		{22818020-8544-42B1-9C3E-3535C25C05F5}.Debug|Any CPU.ActiveCfg = Debug|Any CPU
		{22818020-8544-42B1-9C3E-3535C25C05F5}.Debug|Any CPU.Build.0 = Debug|Any CPU
		{22818020-8544-42B1-9C3E-3535C25C05F5}.Release|Any CPU.ActiveCfg = Release|Any CPU
		{22818020-8544-42B1-9C3E-3535C25C05F5}.Release|Any CPU.Build.0 = Release|Any CPU
		{28676976-C18D-432E-A760-A8AC24746E31}.Debug|Any CPU.ActiveCfg = Debug|Any CPU
		{28676976-C18D-432E-A760-A8AC24746E31}.Debug|Any CPU.Build.0 = Debug|Any CPU
		{28676976-C18D-432E-A760-A8AC24746E31}.Release|Any CPU.ActiveCfg = Release|Any CPU
		{28676976-C18D-432E-A760-A8AC24746E31}.Release|Any CPU.Build.0 = Release|Any CPU
		{2DDAEC45-9EE1-4FBD-80A5-C5ABADC21C18}.Debug|Any CPU.ActiveCfg = Debug|Any CPU
		{2DDAEC45-9EE1-4FBD-80A5-C5ABADC21C18}.Debug|Any CPU.Build.0 = Debug|Any CPU
		{2DDAEC45-9EE1-4FBD-80A5-C5ABADC21C18}.Release|Any CPU.ActiveCfg = Release|Any CPU
		{2DDAEC45-9EE1-4FBD-80A5-C5ABADC21C18}.Release|Any CPU.Build.0 = Release|Any CPU
		{560BF3E1-F9D8-4F10-9009-55BE65344FAC}.Debug|Any CPU.ActiveCfg = Debug|Any CPU
		{560BF3E1-F9D8-4F10-9009-55BE65344FAC}.Debug|Any CPU.Build.0 = Debug|Any CPU
		{560BF3E1-F9D8-4F10-9009-55BE65344FAC}.Release|Any CPU.ActiveCfg = Release|Any CPU
		{560BF3E1-F9D8-4F10-9009-55BE65344FAC}.Release|Any CPU.Build.0 = Release|Any CPU
		{F1C465CE-0695-48D1-B8DC-709DF4113C4C}.Debug|Any CPU.ActiveCfg = Debug|Any CPU
		{F1C465CE-0695-48D1-B8DC-709DF4113C4C}.Debug|Any CPU.Build.0 = Debug|Any CPU
		{F1C465CE-0695-48D1-B8DC-709DF4113C4C}.Release|Any CPU.ActiveCfg = Release|Any CPU
		{F1C465CE-0695-48D1-B8DC-709DF4113C4C}.Release|Any CPU.Build.0 = Release|Any CPU
		{489A59DD-5722-4393-A625-657B524905E9}.Debug|Any CPU.ActiveCfg = Debug|Any CPU
		{489A59DD-5722-4393-A625-657B524905E9}.Debug|Any CPU.Build.0 = Debug|Any CPU
		{489A59DD-5722-4393-A625-657B524905E9}.Release|Any CPU.ActiveCfg = Release|Any CPU
		{489A59DD-5722-4393-A625-657B524905E9}.Release|Any CPU.Build.0 = Release|Any CPU
	EndGlobalSection
	GlobalSection(SolutionProperties) = preSolution
		HideSolutionNode = FALSE
	EndGlobalSection
	GlobalSection(NestedProjects) = preSolution
		{DF840BA3-ADC7-4C80-940F-A3C9D09A372F} = {3AFBB9E7-AABD-47DD-9C1E-FE63F92CFC59}
		{70DF53BA-F2A9-4954-9222-8F23533333D6} = {9F3A597D-BF87-4E8F-952D-82877F28829F}
		{2DDAEC45-9EE1-4FBD-80A5-C5ABADC21C18} = {282FC6E0-340C-409E-83FC-623C3F1CC65C}
		{CFA3D724-6874-4185-830E-83C91CB38BDF} = {BB9AC7E0-1E99-47F6-82BF-B0C2C0A97F9A}
		{EC7DE407-E2E1-46DB-9DC2-266AD0267F60} = {BB9AC7E0-1E99-47F6-82BF-B0C2C0A97F9A}
		{10C72261-8A84-48DC-A146-07B83DC8634D} = {BB9AC7E0-1E99-47F6-82BF-B0C2C0A97F9A}
		{7E76B029-A478-4668-A98D-5A5CB849E777} = {BB9AC7E0-1E99-47F6-82BF-B0C2C0A97F9A}
		{22818020-8544-42B1-9C3E-3535C25C05F5} = {CFA3D724-6874-4185-830E-83C91CB38BDF}
		{28676976-C18D-432E-A760-A8AC24746E31} = {EC7DE407-E2E1-46DB-9DC2-266AD0267F60}
		{560BF3E1-F9D8-4F10-9009-55BE65344FAC} = {10C72261-8A84-48DC-A146-07B83DC8634D}
		{F1C465CE-0695-48D1-B8DC-709DF4113C4C} = {318446B7-8F56-4DAC-9F64-BFD38BBD865E}
		{489A59DD-5722-4393-A625-657B524905E9} = {7E76B029-A478-4668-A98D-5A5CB849E777}
	EndGlobalSection
EndGlobal
